// !$*UTF8*$!
{
	archiveVersion = 1;
	classes = {
	};
	objectVersion = 50;
	objects = {

/* Begin PBXBuildFile section */
		384F5E392592F7200001C770 /* AppDelegate.swift in Sources */ = {isa = PBXBuildFile; fileRef = 384F5E382592F7200001C770 /* AppDelegate.swift */; };
		384F5E3B2592F7200001C770 /* SceneDelegate.swift in Sources */ = {isa = PBXBuildFile; fileRef = 384F5E3A2592F7200001C770 /* SceneDelegate.swift */; };
		384F5E3D2592F7200001C770 /* ViewController.swift in Sources */ = {isa = PBXBuildFile; fileRef = 384F5E3C2592F7200001C770 /* ViewController.swift */; };
		384F5E402592F7200001C770 /* Main.storyboard in Resources */ = {isa = PBXBuildFile; fileRef = 384F5E3E2592F7200001C770 /* Main.storyboard */; };
		384F5E422592F7220001C770 /* Assets.xcassets in Resources */ = {isa = PBXBuildFile; fileRef = 384F5E412592F7220001C770 /* Assets.xcassets */; };
		384F5E452592F7220001C770 /* LaunchScreen.storyboard in Resources */ = {isa = PBXBuildFile; fileRef = 384F5E432592F7220001C770 /* LaunchScreen.storyboard */; };
		386E92C925C10EC900854451 /* DragableAdapter.swift in Sources */ = {isa = PBXBuildFile; fileRef = 386E92C825C10EC900854451 /* DragableAdapter.swift */; };
		38939FAF25BABCF2002D9E42 /* PuzzlePlayController.swift in Sources */ = {isa = PBXBuildFile; fileRef = 38939FAD25BABCF2002D9E42 /* PuzzlePlayController.swift */; };
		38939FB025BABCF2002D9E42 /* PuzzlePlayController.xib in Resources */ = {isa = PBXBuildFile; fileRef = 38939FAE25BABCF2002D9E42 /* PuzzlePlayController.xib */; };
		38939FB525BABF2C002D9E42 /* PuzzlePieceCell.swift in Sources */ = {isa = PBXBuildFile; fileRef = 38939FB325BABF2C002D9E42 /* PuzzlePieceCell.swift */; };
		38939FB625BABF2C002D9E42 /* PuzzlePieceCell.xib in Resources */ = {isa = PBXBuildFile; fileRef = 38939FB425BABF2C002D9E42 /* PuzzlePieceCell.xib */; };
		38C31A072609C2F500135C7A /* PieceSlicer.swift in Sources */ = {isa = PBXBuildFile; fileRef = 38C31A062609C2F500135C7A /* PieceSlicer.swift */; };
		38C31A0B2609C31E00135C7A /* PuzzlePieceAutomatic.swift in Sources */ = {isa = PBXBuildFile; fileRef = 38C31A0A2609C31E00135C7A /* PuzzlePieceAutomatic.swift */; };
/* End PBXBuildFile section */

/* Begin PBXFileReference section */
		384F5E352592F7200001C770 /* PuzzleDemo.app */ = {isa = PBXFileReference; explicitFileType = wrapper.application; includeInIndex = 0; path = PuzzleDemo.app; sourceTree = BUILT_PRODUCTS_DIR; };
		384F5E382592F7200001C770 /* AppDelegate.swift */ = {isa = PBXFileReference; lastKnownFileType = sourcecode.swift; path = AppDelegate.swift; sourceTree = "<group>"; };
		384F5E3A2592F7200001C770 /* SceneDelegate.swift */ = {isa = PBXFileReference; lastKnownFileType = sourcecode.swift; path = SceneDelegate.swift; sourceTree = "<group>"; };
		384F5E3C2592F7200001C770 /* ViewController.swift */ = {isa = PBXFileReference; lastKnownFileType = sourcecode.swift; path = ViewController.swift; sourceTree = "<group>"; };
		384F5E3F2592F7200001C770 /* Base */ = {isa = PBXFileReference; lastKnownFileType = file.storyboard; name = Base; path = Base.lproj/Main.storyboard; sourceTree = "<group>"; };
		384F5E412592F7220001C770 /* Assets.xcassets */ = {isa = PBXFileReference; lastKnownFileType = folder.assetcatalog; path = Assets.xcassets; sourceTree = "<group>"; };
		384F5E442592F7220001C770 /* Base */ = {isa = PBXFileReference; lastKnownFileType = file.storyboard; name = Base; path = Base.lproj/LaunchScreen.storyboard; sourceTree = "<group>"; };
		384F5E462592F7220001C770 /* Info.plist */ = {isa = PBXFileReference; lastKnownFileType = text.plist.xml; path = Info.plist; sourceTree = "<group>"; };
		386E92C825C10EC900854451 /* DragableAdapter.swift */ = {isa = PBXFileReference; lastKnownFileType = sourcecode.swift; path = DragableAdapter.swift; sourceTree = "<group>"; };
		38939FAD25BABCF2002D9E42 /* PuzzlePlayController.swift */ = {isa = PBXFileReference; lastKnownFileType = sourcecode.swift; path = PuzzlePlayController.swift; sourceTree = "<group>"; };
		38939FAE25BABCF2002D9E42 /* PuzzlePlayController.xib */ = {isa = PBXFileReference; lastKnownFileType = file.xib; path = PuzzlePlayController.xib; sourceTree = "<group>"; };
		38939FB325BABF2C002D9E42 /* PuzzlePieceCell.swift */ = {isa = PBXFileReference; lastKnownFileType = sourcecode.swift; path = PuzzlePieceCell.swift; sourceTree = "<group>"; };
		38939FB425BABF2C002D9E42 /* PuzzlePieceCell.xib */ = {isa = PBXFileReference; lastKnownFileType = file.xib; path = PuzzlePieceCell.xib; sourceTree = "<group>"; };
		38C31A062609C2F500135C7A /* PieceSlicer.swift */ = {isa = PBXFileReference; lastKnownFileType = sourcecode.swift; path = PieceSlicer.swift; sourceTree = "<group>"; };
		38C31A0A2609C31E00135C7A /* PuzzlePieceAutomatic.swift */ = {isa = PBXFileReference; lastKnownFileType = sourcecode.swift; path = PuzzlePieceAutomatic.swift; sourceTree = "<group>"; };
/* End PBXFileReference section */

/* Begin PBXFrameworksBuildPhase section */
		384F5E322592F7200001C770 /* Frameworks */ = {
			isa = PBXFrameworksBuildPhase;
			buildActionMask = 2147483647;
			files = (
			);
			runOnlyForDeploymentPostprocessing = 0;
		};
/* End PBXFrameworksBuildPhase section */

/* Begin PBXGroup section */
		384F5E2C2592F7200001C770 = {
			isa = PBXGroup;
			children = (
				384F5E372592F7200001C770 /* PuzzleDemo */,
				384F5E362592F7200001C770 /* Products */,
			);
			sourceTree = "<group>";
		};
		384F5E362592F7200001C770 /* Products */ = {
			isa = PBXGroup;
			children = (
				384F5E352592F7200001C770 /* PuzzleDemo.app */,
			);
			name = Products;
			sourceTree = "<group>";
		};
		384F5E372592F7200001C770 /* PuzzleDemo */ = {
			isa = PBXGroup;
			children = (
				38C31A052609C2D500135C7A /* Puzzle */,
				38939FB225BABEB5002D9E42 /* cell */,
				384F5E382592F7200001C770 /* AppDelegate.swift */,
				384F5E3A2592F7200001C770 /* SceneDelegate.swift */,
				384F5E3C2592F7200001C770 /* ViewController.swift */,
				38939FAD25BABCF2002D9E42 /* PuzzlePlayController.swift */,
				38939FAE25BABCF2002D9E42 /* PuzzlePlayController.xib */,
				386E92C825C10EC900854451 /* DragableAdapter.swift */,
				384F5E3E2592F7200001C770 /* Main.storyboard */,
				384F5E412592F7220001C770 /* Assets.xcassets */,
				384F5E432592F7220001C770 /* LaunchScreen.storyboard */,
				384F5E462592F7220001C770 /* Info.plist */,
			);
			path = PuzzleDemo;
			sourceTree = "<group>";
		};
		38939FB225BABEB5002D9E42 /* cell */ = {
			isa = PBXGroup;
			children = (
				38939FB325BABF2C002D9E42 /* PuzzlePieceCell.swift */,
				38939FB425BABF2C002D9E42 /* PuzzlePieceCell.xib */,
			);
			path = cell;
			sourceTree = "<group>";
		};
		38C31A052609C2D500135C7A /* Puzzle */ = {
			isa = PBXGroup;
			children = (
				38C31A062609C2F500135C7A /* PieceSlicer.swift */,
				38C31A0A2609C31E00135C7A /* PuzzlePieceAutomatic.swift */,
			);
			path = Puzzle;
			sourceTree = "<group>";
		};
/* End PBXGroup section */

/* Begin PBXNativeTarget section */
		384F5E342592F7200001C770 /* PuzzleDemo */ = {
			isa = PBXNativeTarget;
			buildConfigurationList = 384F5E492592F7220001C770 /* Build configuration list for PBXNativeTarget "PuzzleDemo" */;
			buildPhases = (
				384F5E312592F7200001C770 /* Sources */,
				384F5E322592F7200001C770 /* Frameworks */,
				384F5E332592F7200001C770 /* Resources */,
			);
			buildRules = (
			);
			dependencies = (
			);
			name = PuzzleDemo;
			productName = PuzzleDemo;
			productReference = 384F5E352592F7200001C770 /* PuzzleDemo.app */;
			productType = "com.apple.product-type.application";
		};
/* End PBXNativeTarget section */

/* Begin PBXProject section */
		384F5E2D2592F7200001C770 /* Project object */ = {
			isa = PBXProject;
			attributes = {
				LastSwiftUpdateCheck = 1220;
				LastUpgradeCheck = 1220;
				TargetAttributes = {
					384F5E342592F7200001C770 = {
						CreatedOnToolsVersion = 12.2;
					};
				};
			};
			buildConfigurationList = 384F5E302592F7200001C770 /* Build configuration list for PBXProject "PuzzleDemo" */;
			compatibilityVersion = "Xcode 9.3";
			developmentRegion = en;
			hasScannedForEncodings = 0;
			knownRegions = (
				en,
				Base,
			);
			mainGroup = 384F5E2C2592F7200001C770;
			productRefGroup = 384F5E362592F7200001C770 /* Products */;
			projectDirPath = "";
			projectRoot = "";
			targets = (
				384F5E342592F7200001C770 /* PuzzleDemo */,
			);
		};
/* End PBXProject section */

/* Begin PBXResourcesBuildPhase section */
		384F5E332592F7200001C770 /* Resources */ = {
			isa = PBXResourcesBuildPhase;
			buildActionMask = 2147483647;
			files = (
				38939FB625BABF2C002D9E42 /* PuzzlePieceCell.xib in Resources */,
				384F5E452592F7220001C770 /* LaunchScreen.storyboard in Resources */,
				38939FB025BABCF2002D9E42 /* PuzzlePlayController.xib in Resources */,
				384F5E422592F7220001C770 /* Assets.xcassets in Resources */,
				384F5E402592F7200001C770 /* Main.storyboard in Resources */,
			);
			runOnlyForDeploymentPostprocessing = 0;
		};
/* End PBXResourcesBuildPhase section */

/* Begin PBXSourcesBuildPhase section */
		384F5E312592F7200001C770 /* Sources */ = {
			isa = PBXSourcesBuildPhase;
			buildActionMask = 2147483647;
			files = (
				38C31A072609C2F500135C7A /* PieceSlicer.swift in Sources */,
				384F5E3D2592F7200001C770 /* ViewController.swift in Sources */,
				386E92C925C10EC900854451 /* DragableAdapter.swift in Sources */,
				38939FAF25BABCF2002D9E42 /* PuzzlePlayController.swift in Sources */,
				38C31A0B2609C31E00135C7A /* PuzzlePieceAutomatic.swift in Sources */,
				384F5E392592F7200001C770 /* AppDelegate.swift in Sources */,
				38939FB525BABF2C002D9E42 /* PuzzlePieceCell.swift in Sources */,
				384F5E3B2592F7200001C770 /* SceneDelegate.swift in Sources */,
			);
			runOnlyForDeploymentPostprocessing = 0;
		};
/* End PBXSourcesBuildPhase section */

/* Begin PBXVariantGroup section */
		384F5E3E2592F7200001C770 /* Main.storyboard */ = {
			isa = PBXVariantGroup;
			children = (
				384F5E3F2592F7200001C770 /* Base */,
			);
			name = Main.storyboard;
			sourceTree = "<group>";
		};
		384F5E432592F7220001C770 /* LaunchScreen.storyboard */ = {
			isa = PBXVariantGroup;
			children = (
				384F5E442592F7220001C770 /* Base */,
			);
			name = LaunchScreen.storyboard;
			sourceTree = "<group>";
		};
/* End PBXVariantGroup section */

/* Begin XCBuildConfiguration section */
		384F5E472592F7220001C770 /* Debug */ = {
			isa = XCBuildConfiguration;
			buildSettings = {
				ALWAYS_SEARCH_USER_PATHS = NO;
				CLANG_ANALYZER_NONNULL = YES;
				CLANG_ANALYZER_NUMBER_OBJECT_CONVERSION = YES_AGGRESSIVE;
				CLANG_CXX_LANGUAGE_STANDARD = "gnu++14";
				CLANG_CXX_LIBRARY = "libc++";
				CLANG_ENABLE_MODULES = YES;
				CLANG_ENABLE_OBJC_ARC = YES;
				CLANG_ENABLE_OBJC_WEAK = YES;
				CLANG_WARN_BLOCK_CAPTURE_AUTORELEASING = YES;
				CLANG_WARN_BOOL_CONVERSION = YES;
				CLANG_WARN_COMMA = YES;
				CLANG_WARN_CONSTANT_CONVERSION = YES;
				CLANG_WARN_DEPRECATED_OBJC_IMPLEMENTATIONS = YES;
				CLANG_WARN_DIRECT_OBJC_ISA_USAGE = YES_ERROR;
				CLANG_WARN_DOCUMENTATION_COMMENTS = YES;
				CLANG_WARN_EMPTY_BODY = YES;
				CLANG_WARN_ENUM_CONVERSION = YES;
				CLANG_WARN_INFINITE_RECURSION = YES;
				CLANG_WARN_INT_CONVERSION = YES;
				CLANG_WARN_NON_LITERAL_NULL_CONVERSION = YES;
				CLANG_WARN_OBJC_IMPLICIT_RETAIN_SELF = YES;
				CLANG_WARN_OBJC_LITERAL_CONVERSION = YES;
				CLANG_WARN_OBJC_ROOT_CLASS = YES_ERROR;
				CLANG_WARN_QUOTED_INCLUDE_IN_FRAMEWORK_HEADER = YES;
				CLANG_WARN_RANGE_LOOP_ANALYSIS = YES;
				CLANG_WARN_STRICT_PROTOTYPES = YES;
				CLANG_WARN_SUSPICIOUS_MOVE = YES;
				CLANG_WARN_UNGUARDED_AVAILABILITY = YES_AGGRESSIVE;
				CLANG_WARN_UNREACHABLE_CODE = YES;
				CLANG_WARN__DUPLICATE_METHOD_MATCH = YES;
				COPY_PHASE_STRIP = NO;
				DEBUG_INFORMATION_FORMAT = dwarf;
				ENABLE_STRICT_OBJC_MSGSEND = YES;
				ENABLE_TESTABILITY = YES;
				GCC_C_LANGUAGE_STANDARD = gnu11;
				GCC_DYNAMIC_NO_PIC = NO;
				GCC_NO_COMMON_BLOCKS = YES;
				GCC_OPTIMIZATION_LEVEL = 0;
				GCC_PREPROCESSOR_DEFINITIONS = (
					"DEBUG=1",
					"$(inherited)",
				);
				GCC_WARN_64_TO_32_BIT_CONVERSION = YES;
				GCC_WARN_ABOUT_RETURN_TYPE = YES_ERROR;
				GCC_WARN_UNDECLARED_SELECTOR = YES;
				GCC_WARN_UNINITIALIZED_AUTOS = YES_AGGRESSIVE;
				GCC_WARN_UNUSED_FUNCTION = YES;
				GCC_WARN_UNUSED_VARIABLE = YES;
				IPHONEOS_DEPLOYMENT_TARGET = 14.2;
				MTL_ENABLE_DEBUG_INFO = INCLUDE_SOURCE;
				MTL_FAST_MATH = YES;
				ONLY_ACTIVE_ARCH = YES;
				SDKROOT = iphoneos;
				SWIFT_ACTIVE_COMPILATION_CONDITIONS = DEBUG;
				SWIFT_OPTIMIZATION_LEVEL = "-Onone";
			};
			name = Debug;
		};
		384F5E482592F7220001C770 /* Release */ = {
			isa = XCBuildConfiguration;
			buildSettings = {
				ALWAYS_SEARCH_USER_PATHS = NO;
				CLANG_ANALYZER_NONNULL = YES;
				CLANG_ANALYZER_NUMBER_OBJECT_CONVERSION = YES_AGGRESSIVE;
				CLANG_CXX_LANGUAGE_STANDARD = "gnu++14";
				CLANG_CXX_LIBRARY = "libc++";
				CLANG_ENABLE_MODULES = YES;
				CLANG_ENABLE_OBJC_ARC = YES;
				CLANG_ENABLE_OBJC_WEAK = YES;
				CLANG_WARN_BLOCK_CAPTURE_AUTORELEASING = YES;
				CLANG_WARN_BOOL_CONVERSION = YES;
				CLANG_WARN_COMMA = YES;
				CLANG_WARN_CONSTANT_CONVERSION = YES;
				CLANG_WARN_DEPRECATED_OBJC_IMPLEMENTATIONS = YES;
				CLANG_WARN_DIRECT_OBJC_ISA_USAGE = YES_ERROR;
				CLANG_WARN_DOCUMENTATION_COMMENTS = YES;
				CLANG_WARN_EMPTY_BODY = YES;
				CLANG_WARN_ENUM_CONVERSION = YES;
				CLANG_WARN_INFINITE_RECURSION = YES;
				CLANG_WARN_INT_CONVERSION = YES;
				CLANG_WARN_NON_LITERAL_NULL_CONVERSION = YES;
				CLANG_WARN_OBJC_IMPLICIT_RETAIN_SELF = YES;
				CLANG_WARN_OBJC_LITERAL_CONVERSION = YES;
				CLANG_WARN_OBJC_ROOT_CLASS = YES_ERROR;
				CLANG_WARN_QUOTED_INCLUDE_IN_FRAMEWORK_HEADER = YES;
				CLANG_WARN_RANGE_LOOP_ANALYSIS = YES;
				CLANG_WARN_STRICT_PROTOTYPES = YES;
				CLANG_WARN_SUSPICIOUS_MOVE = YES;
				CLANG_WARN_UNGUARDED_AVAILABILITY = YES_AGGRESSIVE;
				CLANG_WARN_UNREACHABLE_CODE = YES;
				CLANG_WARN__DUPLICATE_METHOD_MATCH = YES;
				COPY_PHASE_STRIP = NO;
				DEBUG_INFORMATION_FORMAT = "dwarf-with-dsym";
				ENABLE_NS_ASSERTIONS = NO;
				ENABLE_STRICT_OBJC_MSGSEND = YES;
				GCC_C_LANGUAGE_STANDARD = gnu11;
				GCC_NO_COMMON_BLOCKS = YES;
				GCC_WARN_64_TO_32_BIT_CONVERSION = YES;
				GCC_WARN_ABOUT_RETURN_TYPE = YES_ERROR;
				GCC_WARN_UNDECLARED_SELECTOR = YES;
				GCC_WARN_UNINITIALIZED_AUTOS = YES_AGGRESSIVE;
				GCC_WARN_UNUSED_FUNCTION = YES;
				GCC_WARN_UNUSED_VARIABLE = YES;
				IPHONEOS_DEPLOYMENT_TARGET = 14.2;
				MTL_ENABLE_DEBUG_INFO = NO;
				MTL_FAST_MATH = YES;
				SDKROOT = iphoneos;
				SWIFT_COMPILATION_MODE = wholemodule;
				SWIFT_OPTIMIZATION_LEVEL = "-O";
				VALIDATE_PRODUCT = YES;
			};
			name = Release;
		};
		384F5E4A2592F7220001C770 /* Debug */ = {
			isa = XCBuildConfiguration;
			buildSettings = {
				ASSETCATALOG_COMPILER_APPICON_NAME = AppIcon;
				ASSETCATALOG_COMPILER_GLOBAL_ACCENT_COLOR_NAME = AccentColor;
				CODE_SIGN_STYLE = Automatic;
				DEVELOPMENT_TEAM = 8U8QLWDB7H;
				INFOPLIST_FILE = PuzzleDemo/Info.plist;
				LD_RUNPATH_SEARCH_PATHS = (
					"$(inherited)",
					"@executable_path/Frameworks",
				);
				PRODUCT_BUNDLE_IDENTIFIER = Kino.PuzzleDemo;
				PRODUCT_NAME = "$(TARGET_NAME)";
				SWIFT_VERSION = 5.0;
				TARGETED_DEVICE_FAMILY = "1,2";
			};
			name = Debug;
		};
		384F5E4B2592F7220001C770 /* Release */ = {
			isa = XCBuildConfiguration;
			buildSettings = {
				ASSETCATALOG_COMPILER_APPICON_NAME = AppIcon;
				ASSETCATALOG_COMPILER_GLOBAL_ACCENT_COLOR_NAME = AccentColor;
				CODE_SIGN_STYLE = Automatic;
				DEVELOPMENT_TEAM = 8U8QLWDB7H;
				INFOPLIST_FILE = PuzzleDemo/Info.plist;
				LD_RUNPATH_SEARCH_PATHS = (
					"$(inherited)",
					"@executable_path/Frameworks",
				);
				PRODUCT_BUNDLE_IDENTIFIER = Kino.PuzzleDemo;
				PRODUCT_NAME = "$(TARGET_NAME)";
				SWIFT_VERSION = 5.0;
				TARGETED_DEVICE_FAMILY = "1,2";
			};
			name = Release;
		};
/* End XCBuildConfiguration section */

/* Begin XCConfigurationList section */
		384F5E302592F7200001C770 /* Build configuration list for PBXProject "PuzzleDemo" */ = {
			isa = XCConfigurationList;
			buildConfigurations = (
				384F5E472592F7220001C770 /* Debug */,
				384F5E482592F7220001C770 /* Release */,
			);
			defaultConfigurationIsVisible = 0;
			defaultConfigurationName = Release;
		};
		384F5E492592F7220001C770 /* Build configuration list for PBXNativeTarget "PuzzleDemo" */ = {
			isa = XCConfigurationList;
			buildConfigurations = (
				384F5E4A2592F7220001C770 /* Debug */,
				384F5E4B2592F7220001C770 /* Release */,
			);
			defaultConfigurationIsVisible = 0;
			defaultConfigurationName = Release;
		};
/* End XCConfigurationList section */
	};
	rootObject = 384F5E2D2592F7200001C770 /* Project object */;
}
